# This file is automatically @generated by Poetry 1.4.2 and should not be changed by hand.

[[package]]
name = "black"
version = "23.3.0"
description = "The uncompromising code formatter."
category = "dev"
optional = false
python-versions = ">=3.7"
files = [
    {file = "black-23.3.0-cp310-cp310-macosx_10_16_arm64.whl", hash = "sha256:0945e13506be58bf7db93ee5853243eb368ace1c08a24c65ce108986eac65915"},
    {file = "black-23.3.0-cp310-cp310-macosx_10_16_universal2.whl", hash = "sha256:67de8d0c209eb5b330cce2469503de11bca4085880d62f1628bd9972cc3366b9"},
    {file = "black-23.3.0-cp310-cp310-macosx_10_16_x86_64.whl", hash = "sha256:7c3eb7cea23904399866c55826b31c1f55bbcd3890ce22ff70466b907b6775c2"},
    {file = "black-23.3.0-cp310-cp310-manylinux_2_17_x86_64.manylinux2014_x86_64.whl", hash = "sha256:32daa9783106c28815d05b724238e30718f34155653d4d6e125dc7daec8e260c"},
    {file = "black-23.3.0-cp310-cp310-win_amd64.whl", hash = "sha256:35d1381d7a22cc5b2be2f72c7dfdae4072a3336060635718cc7e1ede24221d6c"},
    {file = "black-23.3.0-cp311-cp311-macosx_10_16_arm64.whl", hash = "sha256:a8a968125d0a6a404842fa1bf0b349a568634f856aa08ffaff40ae0dfa52e7c6"},
    {file = "black-23.3.0-cp311-cp311-macosx_10_16_universal2.whl", hash = "sha256:c7ab5790333c448903c4b721b59c0d80b11fe5e9803d8703e84dcb8da56fec1b"},
    {file = "black-23.3.0-cp311-cp311-macosx_10_16_x86_64.whl", hash = "sha256:a6f6886c9869d4daae2d1715ce34a19bbc4b95006d20ed785ca00fa03cba312d"},
    {file = "black-23.3.0-cp311-cp311-manylinux_2_17_x86_64.manylinux2014_x86_64.whl", hash = "sha256:6f3c333ea1dd6771b2d3777482429864f8e258899f6ff05826c3a4fcc5ce3f70"},
    {file = "black-23.3.0-cp311-cp311-win_amd64.whl", hash = "sha256:11c410f71b876f961d1de77b9699ad19f939094c3a677323f43d7a29855fe326"},
    {file = "black-23.3.0-cp37-cp37m-macosx_10_16_x86_64.whl", hash = "sha256:1d06691f1eb8de91cd1b322f21e3bfc9efe0c7ca1f0e1eb1db44ea367dff656b"},
    {file = "black-23.3.0-cp37-cp37m-manylinux_2_17_x86_64.manylinux2014_x86_64.whl", hash = "sha256:50cb33cac881766a5cd9913e10ff75b1e8eb71babf4c7104f2e9c52da1fb7de2"},
    {file = "black-23.3.0-cp37-cp37m-win_amd64.whl", hash = "sha256:e114420bf26b90d4b9daa597351337762b63039752bdf72bf361364c1aa05925"},
    {file = "black-23.3.0-cp38-cp38-macosx_10_16_arm64.whl", hash = "sha256:48f9d345675bb7fbc3dd85821b12487e1b9a75242028adad0333ce36ed2a6d27"},
    {file = "black-23.3.0-cp38-cp38-macosx_10_16_universal2.whl", hash = "sha256:714290490c18fb0126baa0fca0a54ee795f7502b44177e1ce7624ba1c00f2331"},
    {file = "black-23.3.0-cp38-cp38-macosx_10_16_x86_64.whl", hash = "sha256:064101748afa12ad2291c2b91c960be28b817c0c7eaa35bec09cc63aa56493c5"},
    {file = "black-23.3.0-cp38-cp38-manylinux_2_17_x86_64.manylinux2014_x86_64.whl", hash = "sha256:562bd3a70495facf56814293149e51aa1be9931567474993c7942ff7d3533961"},
    {file = "black-23.3.0-cp38-cp38-win_amd64.whl", hash = "sha256:e198cf27888ad6f4ff331ca1c48ffc038848ea9f031a3b40ba36aced7e22f2c8"},
    {file = "black-23.3.0-cp39-cp39-macosx_10_16_arm64.whl", hash = "sha256:3238f2aacf827d18d26db07524e44741233ae09a584273aa059066d644ca7b30"},
    {file = "black-23.3.0-cp39-cp39-macosx_10_16_universal2.whl", hash = "sha256:f0bd2f4a58d6666500542b26354978218a9babcdc972722f4bf90779524515f3"},
    {file = "black-23.3.0-cp39-cp39-macosx_10_16_x86_64.whl", hash = "sha256:92c543f6854c28a3c7f39f4d9b7694f9a6eb9d3c5e2ece488c327b6e7ea9b266"},
    {file = "black-23.3.0-cp39-cp39-manylinux_2_17_x86_64.manylinux2014_x86_64.whl", hash = "sha256:3a150542a204124ed00683f0db1f5cf1c2aaaa9cc3495b7a3b5976fb136090ab"},
    {file = "black-23.3.0-cp39-cp39-win_amd64.whl", hash = "sha256:6b39abdfb402002b8a7d030ccc85cf5afff64ee90fa4c5aebc531e3ad0175ddb"},
    {file = "black-23.3.0-py3-none-any.whl", hash = "sha256:ec751418022185b0c1bb7d7736e6933d40bbb14c14a0abcf9123d1b159f98dd4"},
    {file = "black-23.3.0.tar.gz", hash = "sha256:1c7b8d606e728a41ea1ccbd7264677e494e87cf630e399262ced92d4a8dac940"},
]

[package.dependencies]
click = ">=8.0.0"
mypy-extensions = ">=0.4.3"
packaging = ">=22.0"
pathspec = ">=0.9.0"
platformdirs = ">=2"
tomli = {version = ">=1.1.0", markers = "python_version < \"3.11\""}

[package.extras]
colorama = ["colorama (>=0.4.3)"]
d = ["aiohttp (>=3.7.4)"]
jupyter = ["ipython (>=7.8.0)", "tokenize-rt (>=3.2.0)"]
uvloop = ["uvloop (>=0.15.2)"]

[[package]]
name = "click"
version = "8.1.3"
description = "Composable command line interface toolkit"
category = "dev"
optional = false
python-versions = ">=3.7"
files = [
    {file = "click-8.1.3-py3-none-any.whl", hash = "sha256:bb4d8133cb15a609f44e8213d9b391b0809795062913b383c62be0ee95b1db48"},
    {file = "click-8.1.3.tar.gz", hash = "sha256:7682dc8afb30297001674575ea00d1814d808d6a36af415a82bd481d37ba7b8e"},
]

[package.dependencies]
colorama = {version = "*", markers = "platform_system == \"Windows\""}

[[package]]
name = "colorama"
version = "0.4.6"
description = "Cross-platform colored terminal text."
category = "dev"
optional = false
python-versions = "!=3.0.*,!=3.1.*,!=3.2.*,!=3.3.*,!=3.4.*,!=3.5.*,!=3.6.*,>=2.7"
files = [
    {file = "colorama-0.4.6-py2.py3-none-any.whl", hash = "sha256:4f1d9991f5acc0ca119f9d443620b77f9d6b33703e51011c16baf57afb285fc6"},
    {file = "colorama-0.4.6.tar.gz", hash = "sha256:08695f5cb7ed6e0531a20572697297273c47b8cae5a63ffc6d6ed5c201be6e44"},
]

[[package]]
name = "ezdxf"
version = "1.0.3"
description = "A Python package to create/manipulate DXF drawings."
category = "main"
optional = false
python-versions = ">=3.7"
files = [
    {file = "ezdxf-1.0.3-cp310-cp310-macosx_10_9_universal2.whl", hash = "sha256:be9916ce83d55fb768341725f089cac4bce5b854127c94671a3407deeed05b48"},
    {file = "ezdxf-1.0.3-cp310-cp310-macosx_10_9_x86_64.whl", hash = "sha256:91c0f4963bc2f8eedf8679e16b6a44ed5c766a66a9bf014c7e9266a57cf6003e"},
    {file = "ezdxf-1.0.3-cp310-cp310-macosx_11_0_arm64.whl", hash = "sha256:386fab808f3df7d6f635f867cf486f6a2598af5465f42fc4cfcf76253bce0580"},
    {file = "ezdxf-1.0.3-cp310-cp310-manylinux_2_17_aarch64.manylinux2014_aarch64.whl", hash = "sha256:c2db6569bd31fb5fd5cc9a591d8752d8b467e4503d5de2f501c675ace43ded74"},
    {file = "ezdxf-1.0.3-cp310-cp310-manylinux_2_17_x86_64.manylinux2014_x86_64.whl", hash = "sha256:15495c0609fe464dfe8231a66c950e523704a63f695687ba8b454d1bbbd42166"},
    {file = "ezdxf-1.0.3-cp310-cp310-musllinux_1_1_aarch64.whl", hash = "sha256:49ce00468c326d1b8c62bf8c0c88df03ceadc6c964806db1f19ef60d8bd104ae"},
    {file = "ezdxf-1.0.3-cp310-cp310-musllinux_1_1_x86_64.whl", hash = "sha256:b93409638f218fa20701dee1d3293ead690eb61d8a9644eced9c89ce0a1d2260"},
    {file = "ezdxf-1.0.3-cp310-cp310-win_amd64.whl", hash = "sha256:2798938cc81fa1ab5df9e3625db797189e9639053b04eb055dad0168b8fe9484"},
    {file = "ezdxf-1.0.3-cp311-cp311-macosx_10_9_universal2.whl", hash = "sha256:aa43ad2b1f0f81cb5534911f9fe2ee71414fc75cb51478b49cbf2cde05e57129"},
    {file = "ezdxf-1.0.3-cp311-cp311-macosx_10_9_x86_64.whl", hash = "sha256:0a4394a119dfa22c4361e6c31d76ff3a7c1f78181f7de56d3bd2a8906a377d50"},
    {file = "ezdxf-1.0.3-cp311-cp311-macosx_11_0_arm64.whl", hash = "sha256:e13ce40e0534bda60566492cd754fed90b4e2785c393213d093fee947c9b40d5"},
    {file = "ezdxf-1.0.3-cp311-cp311-manylinux_2_17_aarch64.manylinux2014_aarch64.whl", hash = "sha256:b97b9b66d33d17bfe9f5bec862c9d5536539503a2076f30d7c78aced40e9c24e"},
    {file = "ezdxf-1.0.3-cp311-cp311-manylinux_2_17_x86_64.manylinux2014_x86_64.whl", hash = "sha256:ae4404e682cc4493c5fde9efc1d027eba80a786cf36192202f208759dca1511e"},
    {file = "ezdxf-1.0.3-cp311-cp311-musllinux_1_1_aarch64.whl", hash = "sha256:052c9ce4dde35cbc919d0c2eebc0ff297cc9061db9d6fb800e6d35fb8a9df754"},
    {file = "ezdxf-1.0.3-cp311-cp311-musllinux_1_1_x86_64.whl", hash = "sha256:eecb889b9acd611e45b71de6b9754558cb35daaa242da40edafa8daa74e10036"},
    {file = "ezdxf-1.0.3-cp311-cp311-win_amd64.whl", hash = "sha256:73bfaa1b165f36b27ce205d505f65468ff6accaa321b430566e2fae9b5c88b58"},
    {file = "ezdxf-1.0.3-cp37-cp37m-macosx_10_9_x86_64.whl", hash = "sha256:4d94734b116e62a9a8046b2254efc58608682323dae7d72c5206ff56345da505"},
    {file = "ezdxf-1.0.3-cp37-cp37m-manylinux_2_17_aarch64.manylinux2014_aarch64.whl", hash = "sha256:5d2161624b475edb76d3119627b68e5262859f22dc9fece172937e32f5706f6e"},
    {file = "ezdxf-1.0.3-cp37-cp37m-manylinux_2_5_x86_64.manylinux1_x86_64.manylinux_2_12_x86_64.manylinux2010_x86_64.whl", hash = "sha256:2b1af9296b039ad267a94f7eee1be572dcacd724224b3164c7b0a700a7e6ec1d"},
    {file = "ezdxf-1.0.3-cp37-cp37m-musllinux_1_1_aarch64.whl", hash = "sha256:6cdaa1a88b780b3e28665424ffc5b826972a94e8e7ccb86b049171383665e70f"},
    {file = "ezdxf-1.0.3-cp37-cp37m-musllinux_1_1_x86_64.whl", hash = "sha256:d5dd27400105f94a69794f6ad2f75b9c5cee19b5cd4af9e3152be2bd17706902"},
    {file = "ezdxf-1.0.3-cp37-cp37m-win_amd64.whl", hash = "sha256:81dcd85971977de9d804e9c6fd6bf73bb423c3164c103c6c46839f985f258577"},
    {file = "ezdxf-1.0.3-cp38-cp38-macosx_10_9_universal2.whl", hash = "sha256:a63592e8cbc5b8f7f0bb327b695182cb384b82fc967e5e4b5e9a879b65dabc3c"},
    {file = "ezdxf-1.0.3-cp38-cp38-macosx_10_9_x86_64.whl", hash = "sha256:a14f67f9b9a0dd747d10c804fd8c59eaa8dc1df00a49c31260294ef144467450"},
    {file = "ezdxf-1.0.3-cp38-cp38-macosx_11_0_arm64.whl", hash = "sha256:0eb766decf836639f9ccd58d89c4e8e04e939a86e203c33472c13327733acb98"},
    {file = "ezdxf-1.0.3-cp38-cp38-manylinux_2_17_aarch64.manylinux2014_aarch64.whl", hash = "sha256:a44b24559aeb9fc6249d1465b5a05b5b9c5bd5ad9110fd9b695505671a63509f"},
    {file = "ezdxf-1.0.3-cp38-cp38-manylinux_2_5_x86_64.manylinux1_x86_64.manylinux_2_12_x86_64.manylinux2010_x86_64.whl", hash = "sha256:429ab09674edc4bbd86cae2e7f87a281a52dc3d98a0ffbe75f67831c99e2783d"},
    {file = "ezdxf-1.0.3-cp38-cp38-musllinux_1_1_aarch64.whl", hash = "sha256:31968c254dcd6e55b52236612b18ec69dac63069358f0f019d75e3f453c85ba1"},
    {file = "ezdxf-1.0.3-cp38-cp38-musllinux_1_1_x86_64.whl", hash = "sha256:de91fb91a147f713b8c7a427fe2be141f7819086f543ccee64afcbd18bc38e0c"},
    {file = "ezdxf-1.0.3-cp38-cp38-win_amd64.whl", hash = "sha256:4bcc47e82cc6be8fa6350d223ddfcc74f1d19de7af45a7ac02ec8bebc6f2cbf5"},
    {file = "ezdxf-1.0.3-cp39-cp39-macosx_10_9_universal2.whl", hash = "sha256:289621424f3ae46565599be545a0543b55780b2fabb55177edba8079b322ae6b"},
    {file = "ezdxf-1.0.3-cp39-cp39-macosx_10_9_x86_64.whl", hash = "sha256:4c7cf47def774def6df58a863ed99d4caef261c250b7d13cd21827b07930b250"},
    {file = "ezdxf-1.0.3-cp39-cp39-macosx_11_0_arm64.whl", hash = "sha256:4dba6fb9cff30048fdee22b18b7f42864a37c78330a68082dfc53672161212f7"},
    {file = "ezdxf-1.0.3-cp39-cp39-manylinux_2_17_aarch64.manylinux2014_aarch64.whl", hash = "sha256:4e1b63ea84bc4b5593daf00f7dd4abc6447c65a6394533de95584c6bb93c5065"},
    {file = "ezdxf-1.0.3-cp39-cp39-manylinux_2_5_x86_64.manylinux1_x86_64.manylinux_2_12_x86_64.manylinux2010_x86_64.whl", hash = "sha256:844714fe46572269ab42d0538686fbaad092e4672890ad89d6ab998eae1cfa07"},
    {file = "ezdxf-1.0.3-cp39-cp39-musllinux_1_1_aarch64.whl", hash = "sha256:c341a991f9f23be6d90bfe64e7af382cc48391fd3d030f206b9126e487f06f82"},
    {file = "ezdxf-1.0.3-cp39-cp39-musllinux_1_1_x86_64.whl", hash = "sha256:6bec7264da04e949e31116f54e4712ae12782670c14c1588b60b36ef1932a08a"},
    {file = "ezdxf-1.0.3-cp39-cp39-win_amd64.whl", hash = "sha256:563ba5deed2a4fecefb347f6cdd0f15a520538dbbb2df16b89e5e000b950fa3e"},
    {file = "ezdxf-1.0.3-py3-none-any.whl", hash = "sha256:77af0f9e7f821d8ab1efc68af0c9cf6baeaf11f0be990c90a6f85cb17273b99e"},
    {file = "ezdxf-1.0.3.zip", hash = "sha256:7394cdc441ffdb9fc355471dbfd6b055adc6900e1138b535ee1f4e36c223a6f2"},
]

[package.dependencies]
pyparsing = ">=2.0.1"
typing-extensions = "*"

[package.extras]
all = ["Cython", "Pillow", "PySide6", "geomdl", "matplotlib", "pytest", "setuptools", "wheel"]
all5 = ["Cython", "Pillow", "PyQt5", "geomdl", "matplotlib", "pytest", "setuptools", "wheel"]
dev = ["Cython", "geomdl", "pytest", "setuptools", "wheel"]
draw = ["Pillow", "PySide6", "matplotlib"]
draw5 = ["Pillow", "PyQt5", "matplotlib"]
test = ["geomdl", "pytest"]

[[package]]
name = "mypy-extensions"
version = "1.0.0"
description = "Type system extensions for programs checked with the mypy type checker."
category = "dev"
optional = false
python-versions = ">=3.5"
files = [
    {file = "mypy_extensions-1.0.0-py3-none-any.whl", hash = "sha256:4392f6c0eb8a5668a69e23d168ffa70f0be9ccfd32b5cc2d26a34ae5b844552d"},
    {file = "mypy_extensions-1.0.0.tar.gz", hash = "sha256:75dbf8955dc00442a438fc4d0666508a9a97b6bd41aa2f0ffe9d2f2725af0782"},
]

[[package]]
name = "packaging"
version = "23.1"
description = "Core utilities for Python packages"
category = "dev"
optional = false
python-versions = ">=3.7"
files = [
    {file = "packaging-23.1-py3-none-any.whl", hash = "sha256:994793af429502c4ea2ebf6bf664629d07c1a9fe974af92966e4b8d2df7edc61"},
    {file = "packaging-23.1.tar.gz", hash = "sha256:a392980d2b6cffa644431898be54b0045151319d1e7ec34f0cfed48767dd334f"},
]

[[package]]
name = "pathspec"
version = "0.11.1"
description = "Utility library for gitignore style pattern matching of file paths."
category = "dev"
optional = false
python-versions = ">=3.7"
files = [
    {file = "pathspec-0.11.1-py3-none-any.whl", hash = "sha256:d8af70af76652554bd134c22b3e8a1cc46ed7d91edcdd721ef1a0c51a84a5293"},
    {file = "pathspec-0.11.1.tar.gz", hash = "sha256:2798de800fa92780e33acca925945e9a19a133b715067cf165b8866c15a31687"},
]

[[package]]
name = "platformdirs"
version = "3.5.0"
description = "A small Python package for determining appropriate platform-specific dirs, e.g. a \"user data dir\"."
category = "dev"
optional = false
python-versions = ">=3.7"
files = [
    {file = "platformdirs-3.5.0-py3-none-any.whl", hash = "sha256:47692bc24c1958e8b0f13dd727307cff1db103fca36399f457da8e05f222fdc4"},
    {file = "platformdirs-3.5.0.tar.gz", hash = "sha256:7954a68d0ba23558d753f73437c55f89027cf8f5108c19844d4b82e5af396335"},
]

[package.extras]
docs = ["furo (>=2023.3.27)", "proselint (>=0.13)", "sphinx (>=6.1.3)", "sphinx-autodoc-typehints (>=1.23,!=1.23.4)"]
test = ["appdirs (==1.4.4)", "covdefaults (>=2.3)", "pytest (>=7.3.1)", "pytest-cov (>=4)", "pytest-mock (>=3.10)"]

[[package]]
name = "pyparsing"
version = "3.0.9"
description = "pyparsing module - Classes and methods to define and execute parsing grammars"
category = "main"
optional = false
python-versions = ">=3.6.8"
files = [
    {file = "pyparsing-3.0.9-py3-none-any.whl", hash = "sha256:5026bae9a10eeaefb61dab2f09052b9f4307d44aee4eda64b309723d8d206bbc"},
    {file = "pyparsing-3.0.9.tar.gz", hash = "sha256:2b020ecf7d21b687f219b71ecad3631f644a47f01403fa1d1036b0c6416d70fb"},
]

[package.extras]
diagrams = ["jinja2", "railroad-diagrams"]

[[package]]
name = "tomli"
version = "2.0.1"
description = "A lil' TOML parser"
category = "dev"
optional = false
python-versions = ">=3.7"
files = [
    {file = "tomli-2.0.1-py3-none-any.whl", hash = "sha256:939de3e7a6161af0c887ef91b7d41a53e7c5a1ca976325f429cb46ea9bc30ecc"},
    {file = "tomli-2.0.1.tar.gz", hash = "sha256:de526c12914f0c550d15924c62d72abc48d6fe7364aa87328337a31007fe8a4f"},
]

[[package]]
name = "typing-extensions"
version = "4.5.0"
description = "Backported and Experimental Type Hints for Python 3.7+"
category = "main"
optional = false
python-versions = ">=3.7"
files = [
    {file = "typing_extensions-4.5.0-py3-none-any.whl", hash = "sha256:fb33085c39dd998ac16d1431ebc293a8b3eedd00fd4a32de0ff79002c19511b4"},
    {file = "typing_extensions-4.5.0.tar.gz", hash = "sha256:5cb5f4a79139d699607b3ef622a1dedafa84e115ab0024e0d9c044a9479ca7cb"},
]

[metadata]
lock-version = "2.0"
python-versions = "^3.10"
content-hash = "283e4cebb636f5b237a0ffbcd79525ad4ab7c5bef3cb873e7a7c2d9cf4e93f7e"
